// !$*UTF8*$!
{
	archiveVersion = 1;
	classes = {
	};
	objectVersion = 56;
	objects = {

/* Begin PBXBuildFile section */
		15D9A76A2C3406D300EFA0B5 /* AppDelegate.swift in Sources */ = {isa = PBXBuildFile; fileRef = 15D9A7692C3406D300EFA0B5 /* AppDelegate.swift */; };
		15D9A76C2C3406D300EFA0B5 /* SceneDelegate.swift in Sources */ = {isa = PBXBuildFile; fileRef = 15D9A76B2C3406D300EFA0B5 /* SceneDelegate.swift */; };
		15D9A7732C3406D400EFA0B5 /* Assets.xcassets in Resources */ = {isa = PBXBuildFile; fileRef = 15D9A7722C3406D400EFA0B5 /* Assets.xcassets */; };
		15D9A7762C3406D400EFA0B5 /* LaunchScreen.storyboard in Resources */ = {isa = PBXBuildFile; fileRef = 15D9A7742C3406D400EFA0B5 /* LaunchScreen.storyboard */; };
		15D9A7812C340A5500EFA0B5 /* LoadScreenViewController.swift in Sources */ = {isa = PBXBuildFile; fileRef = 15D9A7802C340A5500EFA0B5 /* LoadScreenViewController.swift */; };
		15D9A7842C340DFB00EFA0B5 /* SnapKit in Frameworks */ = {isa = PBXBuildFile; productRef = 15D9A7832C340DFB00EFA0B5 /* SnapKit */; };
		15D9A7872C3415A000EFA0B5 /* ReviewerOnbViewController.swift in Sources */ = {isa = PBXBuildFile; fileRef = 15D9A7862C3415A000EFA0B5 /* ReviewerOnbViewController.swift */; };
		15D9A7892C34399B00EFA0B5 /* NewUserViewController.swift in Sources */ = {isa = PBXBuildFile; fileRef = 15D9A7882C34399B00EFA0B5 /* NewUserViewController.swift */; };
		15D9A78C2C3450B200EFA0B5 /* TabBarViewController.swift in Sources */ = {isa = PBXBuildFile; fileRef = 15D9A78B2C3450B200EFA0B5 /* TabBarViewController.swift */; };
		15D9A78F2C345FE800EFA0B5 /* User.swift in Sources */ = {isa = PBXBuildFile; fileRef = 15D9A78E2C345FE800EFA0B5 /* User.swift */; };
		15D9A7922C34660700EFA0B5 /* StatisticsViewController.swift in Sources */ = {isa = PBXBuildFile; fileRef = 15D9A7912C34660700EFA0B5 /* StatisticsViewController.swift */; };
		15D9A7942C346CDE00EFA0B5 /* StatView.swift in Sources */ = {isa = PBXBuildFile; fileRef = 15D9A7932C346CDE00EFA0B5 /* StatView.swift */; };
		15D9A7972C35773D00EFA0B5 /* ProfileViewController.swift in Sources */ = {isa = PBXBuildFile; fileRef = 15D9A7962C35773D00EFA0B5 /* ProfileViewController.swift */; };
		15D9A7992C358B1E00EFA0B5 /* EditUserViewController.swift in Sources */ = {isa = PBXBuildFile; fileRef = 15D9A7982C358B1E00EFA0B5 /* EditUserViewController.swift */; };
		15D9A79C2C36CC9800EFA0B5 /* WorkoutViewController.swift in Sources */ = {isa = PBXBuildFile; fileRef = 15D9A79B2C36CC9800EFA0B5 /* WorkoutViewController.swift */; };
		15D9A79E2C36CE3C00EFA0B5 /* Workout.swift in Sources */ = {isa = PBXBuildFile; fileRef = 15D9A79D2C36CE3C00EFA0B5 /* Workout.swift */; };
		15D9A7A02C36DEB300EFA0B5 /* NewWorkoutViewController.swift in Sources */ = {isa = PBXBuildFile; fileRef = 15D9A79F2C36DEB300EFA0B5 /* NewWorkoutViewController.swift */; };
		15D9A7A32C372CAE00EFA0B5 /* AcivementsViewController.swift in Sources */ = {isa = PBXBuildFile; fileRef = 15D9A7A22C372CAE00EFA0B5 /* AcivementsViewController.swift */; };
/* End PBXBuildFile section */

/* Begin PBXFileReference section */
		15D9A7662C3406D300EFA0B5 /* inkaBet.app */ = {isa = PBXFileReference; explicitFileType = wrapper.application; includeInIndex = 0; path = inkaBet.app; sourceTree = BUILT_PRODUCTS_DIR; };
		15D9A7692C3406D300EFA0B5 /* AppDelegate.swift */ = {isa = PBXFileReference; lastKnownFileType = sourcecode.swift; path = AppDelegate.swift; sourceTree = "<group>"; };
		15D9A76B2C3406D300EFA0B5 /* SceneDelegate.swift */ = {isa = PBXFileReference; lastKnownFileType = sourcecode.swift; path = SceneDelegate.swift; sourceTree = "<group>"; };
		15D9A7722C3406D400EFA0B5 /* Assets.xcassets */ = {isa = PBXFileReference; lastKnownFileType = folder.assetcatalog; path = Assets.xcassets; sourceTree = "<group>"; };
		15D9A7752C3406D400EFA0B5 /* Base */ = {isa = PBXFileReference; lastKnownFileType = file.storyboard; name = Base; path = Base.lproj/LaunchScreen.storyboard; sourceTree = "<group>"; };
		15D9A7772C3406D400EFA0B5 /* Info.plist */ = {isa = PBXFileReference; lastKnownFileType = text.plist.xml; path = Info.plist; sourceTree = "<group>"; };
		15D9A7802C340A5500EFA0B5 /* LoadScreenViewController.swift */ = {isa = PBXFileReference; lastKnownFileType = sourcecode.swift; path = LoadScreenViewController.swift; sourceTree = "<group>"; };
		15D9A7862C3415A000EFA0B5 /* ReviewerOnbViewController.swift */ = {isa = PBXFileReference; lastKnownFileType = sourcecode.swift; path = ReviewerOnbViewController.swift; sourceTree = "<group>"; };
		15D9A7882C34399B00EFA0B5 /* NewUserViewController.swift */ = {isa = PBXFileReference; lastKnownFileType = sourcecode.swift; path = NewUserViewController.swift; sourceTree = "<group>"; };
		15D9A78B2C3450B200EFA0B5 /* TabBarViewController.swift */ = {isa = PBXFileReference; lastKnownFileType = sourcecode.swift; path = TabBarViewController.swift; sourceTree = "<group>"; };
		15D9A78E2C345FE800EFA0B5 /* User.swift */ = {isa = PBXFileReference; lastKnownFileType = sourcecode.swift; path = User.swift; sourceTree = "<group>"; };
		15D9A7912C34660700EFA0B5 /* StatisticsViewController.swift */ = {isa = PBXFileReference; lastKnownFileType = sourcecode.swift; path = StatisticsViewController.swift; sourceTree = "<group>"; };
		15D9A7932C346CDE00EFA0B5 /* StatView.swift */ = {isa = PBXFileReference; lastKnownFileType = sourcecode.swift; path = StatView.swift; sourceTree = "<group>"; };
		15D9A7962C35773D00EFA0B5 /* ProfileViewController.swift */ = {isa = PBXFileReference; lastKnownFileType = sourcecode.swift; path = ProfileViewController.swift; sourceTree = "<group>"; };
		15D9A7982C358B1E00EFA0B5 /* EditUserViewController.swift */ = {isa = PBXFileReference; lastKnownFileType = sourcecode.swift; path = EditUserViewController.swift; sourceTree = "<group>"; };
		15D9A79B2C36CC9800EFA0B5 /* WorkoutViewController.swift */ = {isa = PBXFileReference; lastKnownFileType = sourcecode.swift; path = WorkoutViewController.swift; sourceTree = "<group>"; };
		15D9A79D2C36CE3C00EFA0B5 /* Workout.swift */ = {isa = PBXFileReference; lastKnownFileType = sourcecode.swift; path = Workout.swift; sourceTree = "<group>"; };
		15D9A79F2C36DEB300EFA0B5 /* NewWorkoutViewController.swift */ = {isa = PBXFileReference; lastKnownFileType = sourcecode.swift; path = NewWorkoutViewController.swift; sourceTree = "<group>"; };
		15D9A7A22C372CAE00EFA0B5 /* AcivementsViewController.swift */ = {isa = PBXFileReference; lastKnownFileType = sourcecode.swift; path = AcivementsViewController.swift; sourceTree = "<group>"; };
/* End PBXFileReference section */

/* Begin PBXFrameworksBuildPhase section */
		15D9A7632C3406D300EFA0B5 /* Frameworks */ = {
			isa = PBXFrameworksBuildPhase;
			buildActionMask = 2147483647;
			files = (
				15D9A7842C340DFB00EFA0B5 /* SnapKit in Frameworks */,
			);
			runOnlyForDeploymentPostprocessing = 0;
		};
/* End PBXFrameworksBuildPhase section */

/* Begin PBXGroup section */
		15D9A75D2C3406D300EFA0B5 = {
			isa = PBXGroup;
			children = (
				15D9A78D2C345FDD00EFA0B5 /* Model */,
				15D9A7682C3406D300EFA0B5 /* inkaBet */,
				15D9A7672C3406D300EFA0B5 /* Products */,
			);
			sourceTree = "<group>";
		};
		15D9A7672C3406D300EFA0B5 /* Products */ = {
			isa = PBXGroup;
			children = (
				15D9A7662C3406D300EFA0B5 /* inkaBet.app */,
			);
			name = Products;
			sourceTree = "<group>";
		};
		15D9A7682C3406D300EFA0B5 /* inkaBet */ = {
			isa = PBXGroup;
			children = (
				15D9A7A12C372C9900EFA0B5 /* Acivements */,
				15D9A79A2C36CC2300EFA0B5 /* Workour */,
				15D9A7952C35772500EFA0B5 /* Profile */,
				15D9A7902C3465E700EFA0B5 /* Statistics */,
				15D9A78A2C34509400EFA0B5 /* TabBar */,
				15D9A7852C34158600EFA0B5 /* ReviewerOnb */,
				15D9A77F2C34092500EFA0B5 /* LoadScreen */,
				15D9A77E2C34077400EFA0B5 /* Support */,
			);
			path = inkaBet;
			sourceTree = "<group>";
		};
		15D9A77E2C34077400EFA0B5 /* Support */ = {
			isa = PBXGroup;
			children = (
				15D9A7722C3406D400EFA0B5 /* Assets.xcassets */,
				15D9A7772C3406D400EFA0B5 /* Info.plist */,
				15D9A7742C3406D400EFA0B5 /* LaunchScreen.storyboard */,
				15D9A76B2C3406D300EFA0B5 /* SceneDelegate.swift */,
				15D9A7692C3406D300EFA0B5 /* AppDelegate.swift */,
			);
			path = Support;
			sourceTree = "<group>";
		};
		15D9A77F2C34092500EFA0B5 /* LoadScreen */ = {
			isa = PBXGroup;
			children = (
				15D9A7802C340A5500EFA0B5 /* LoadScreenViewController.swift */,
			);
			path = LoadScreen;
			sourceTree = "<group>";
		};
		15D9A7852C34158600EFA0B5 /* ReviewerOnb */ = {
			isa = PBXGroup;
			children = (
				15D9A7862C3415A000EFA0B5 /* ReviewerOnbViewController.swift */,
				15D9A7882C34399B00EFA0B5 /* NewUserViewController.swift */,
			);
			path = ReviewerOnb;
			sourceTree = "<group>";
		};
		15D9A78A2C34509400EFA0B5 /* TabBar */ = {
			isa = PBXGroup;
			children = (
				15D9A78B2C3450B200EFA0B5 /* TabBarViewController.swift */,
			);
			path = TabBar;
			sourceTree = "<group>";
		};
		15D9A78D2C345FDD00EFA0B5 /* Model */ = {
			isa = PBXGroup;
			children = (
				15D9A78E2C345FE800EFA0B5 /* User.swift */,
				15D9A79D2C36CE3C00EFA0B5 /* Workout.swift */,
			);
			path = Model;
			sourceTree = "<group>";
		};
		15D9A7902C3465E700EFA0B5 /* Statistics */ = {
			isa = PBXGroup;
			children = (
				15D9A7912C34660700EFA0B5 /* StatisticsViewController.swift */,
				15D9A7932C346CDE00EFA0B5 /* StatView.swift */,
			);
			path = Statistics;
			sourceTree = "<group>";
		};
		15D9A7952C35772500EFA0B5 /* Profile */ = {
			isa = PBXGroup;
			children = (
				15D9A7962C35773D00EFA0B5 /* ProfileViewController.swift */,
				15D9A7982C358B1E00EFA0B5 /* EditUserViewController.swift */,
			);
			path = Profile;
			sourceTree = "<group>";
		};
		15D9A79A2C36CC2300EFA0B5 /* Workour */ = {
			isa = PBXGroup;
			children = (
				15D9A79B2C36CC9800EFA0B5 /* WorkoutViewController.swift */,
				15D9A79F2C36DEB300EFA0B5 /* NewWorkoutViewController.swift */,
			);
			path = Workour;
			sourceTree = "<group>";
		};
		15D9A7A12C372C9900EFA0B5 /* Acivements */ = {
			isa = PBXGroup;
			children = (
				15D9A7A22C372CAE00EFA0B5 /* AcivementsViewController.swift */,
			);
			path = Acivements;
			sourceTree = "<group>";
		};
/* End PBXGroup section */

/* Begin PBXNativeTarget section */
		15D9A7652C3406D300EFA0B5 /* inkaBet */ = {
			isa = PBXNativeTarget;
			buildConfigurationList = 15D9A77A2C3406D400EFA0B5 /* Build configuration list for PBXNativeTarget "inkaBet" */;
			buildPhases = (
				15D9A7622C3406D300EFA0B5 /* Sources */,
				15D9A7632C3406D300EFA0B5 /* Frameworks */,
				15D9A7642C3406D300EFA0B5 /* Resources */,
			);
			buildRules = (
			);
			dependencies = (
			);
			name = inkaBet;
			packageProductDependencies = (
				15D9A7832C340DFB00EFA0B5 /* SnapKit */,
			);
			productName = inkaBet;
			productReference = 15D9A7662C3406D300EFA0B5 /* inkaBet.app */;
			productType = "com.apple.product-type.application";
		};
/* End PBXNativeTarget section */

/* Begin PBXProject section */
		15D9A75E2C3406D300EFA0B5 /* Project object */ = {
			isa = PBXProject;
			attributes = {
				BuildIndependentTargetsInParallel = 1;
				LastSwiftUpdateCheck = 1520;
				LastUpgradeCheck = 1520;
				TargetAttributes = {
					15D9A7652C3406D300EFA0B5 = {
						CreatedOnToolsVersion = 15.2;
					};
				};
			};
			buildConfigurationList = 15D9A7612C3406D300EFA0B5 /* Build configuration list for PBXProject "inkaBet" */;
			compatibilityVersion = "Xcode 14.0";
			developmentRegion = en;
			hasScannedForEncodings = 0;
			knownRegions = (
				en,
				Base,
			);
			mainGroup = 15D9A75D2C3406D300EFA0B5;
			packageReferences = (
				15D9A7822C340DFB00EFA0B5 /* XCRemoteSwiftPackageReference "SnapKit" */,
			);
			productRefGroup = 15D9A7672C3406D300EFA0B5 /* Products */;
			projectDirPath = "";
			projectRoot = "";
			targets = (
				15D9A7652C3406D300EFA0B5 /* inkaBet */,
			);
		};
/* End PBXProject section */

/* Begin PBXResourcesBuildPhase section */
		15D9A7642C3406D300EFA0B5 /* Resources */ = {
			isa = PBXResourcesBuildPhase;
			buildActionMask = 2147483647;
			files = (
				15D9A7762C3406D400EFA0B5 /* LaunchScreen.storyboard in Resources */,
				15D9A7732C3406D400EFA0B5 /* Assets.xcassets in Resources */,
			);
			runOnlyForDeploymentPostprocessing = 0;
		};
/* End PBXResourcesBuildPhase section */

/* Begin PBXSourcesBuildPhase section */
		15D9A7622C3406D300EFA0B5 /* Sources */ = {
			isa = PBXSourcesBuildPhase;
			buildActionMask = 2147483647;
			files = (
				15D9A79C2C36CC9800EFA0B5 /* WorkoutViewController.swift in Sources */,
				15D9A76A2C3406D300EFA0B5 /* AppDelegate.swift in Sources */,
				15D9A7872C3415A000EFA0B5 /* ReviewerOnbViewController.swift in Sources */,
				15D9A7A32C372CAE00EFA0B5 /* AcivementsViewController.swift in Sources */,
				15D9A79E2C36CE3C00EFA0B5 /* Workout.swift in Sources */,
				15D9A7972C35773D00EFA0B5 /* ProfileViewController.swift in Sources */,
				15D9A7A02C36DEB300EFA0B5 /* NewWorkoutViewController.swift in Sources */,
				15D9A7892C34399B00EFA0B5 /* NewUserViewController.swift in Sources */,
				15D9A7992C358B1E00EFA0B5 /* EditUserViewController.swift in Sources */,
				15D9A7942C346CDE00EFA0B5 /* StatView.swift in Sources */,
				15D9A7922C34660700EFA0B5 /* StatisticsViewController.swift in Sources */,
				15D9A7812C340A5500EFA0B5 /* LoadScreenViewController.swift in Sources */,
				15D9A78C2C3450B200EFA0B5 /* TabBarViewController.swift in Sources */,
				15D9A76C2C3406D300EFA0B5 /* SceneDelegate.swift in Sources */,
				15D9A78F2C345FE800EFA0B5 /* User.swift in Sources */,
			);
			runOnlyForDeploymentPostprocessing = 0;
		};
/* End PBXSourcesBuildPhase section */

/* Begin PBXVariantGroup section */
		15D9A7742C3406D400EFA0B5 /* LaunchScreen.storyboard */ = {
			isa = PBXVariantGroup;
			children = (
				15D9A7752C3406D400EFA0B5 /* Base */,
			);
			name = LaunchScreen.storyboard;
			sourceTree = "<group>";
		};
/* End PBXVariantGroup section */

/* Begin XCBuildConfiguration section */
		15D9A7782C3406D400EFA0B5 /* Debug */ = {
			isa = XCBuildConfiguration;
			buildSettings = {
				ALWAYS_SEARCH_USER_PATHS = NO;
				ASSETCATALOG_COMPILER_GENERATE_SWIFT_ASSET_SYMBOL_EXTENSIONS = YES;
				CLANG_ANALYZER_NONNULL = YES;
				CLANG_ANALYZER_NUMBER_OBJECT_CONVERSION = YES_AGGRESSIVE;
				CLANG_CXX_LANGUAGE_STANDARD = "gnu++20";
				CLANG_ENABLE_MODULES = YES;
				CLANG_ENABLE_OBJC_ARC = YES;
				CLANG_ENABLE_OBJC_WEAK = YES;
				CLANG_WARN_BLOCK_CAPTURE_AUTORELEASING = YES;
				CLANG_WARN_BOOL_CONVERSION = YES;
				CLANG_WARN_COMMA = YES;
				CLANG_WARN_CONSTANT_CONVERSION = YES;
				CLANG_WARN_DEPRECATED_OBJC_IMPLEMENTATIONS = YES;
				CLANG_WARN_DIRECT_OBJC_ISA_USAGE = YES_ERROR;
				CLANG_WARN_DOCUMENTATION_COMMENTS = YES;
				CLANG_WARN_EMPTY_BODY = YES;
				CLANG_WARN_ENUM_CONVERSION = YES;
				CLANG_WARN_INFINITE_RECURSION = YES;
				CLANG_WARN_INT_CONVERSION = YES;
				CLANG_WARN_NON_LITERAL_NULL_CONVERSION = YES;
				CLANG_WARN_OBJC_IMPLICIT_RETAIN_SELF = YES;
				CLANG_WARN_OBJC_LITERAL_CONVERSION = YES;
				CLANG_WARN_OBJC_ROOT_CLASS = YES_ERROR;
				CLANG_WARN_QUOTED_INCLUDE_IN_FRAMEWORK_HEADER = YES;
				CLANG_WARN_RANGE_LOOP_ANALYSIS = YES;
				CLANG_WARN_STRICT_PROTOTYPES = YES;
				CLANG_WARN_SUSPICIOUS_MOVE = YES;
				CLANG_WARN_UNGUARDED_AVAILABILITY = YES_AGGRESSIVE;
				CLANG_WARN_UNREACHABLE_CODE = YES;
				CLANG_WARN__DUPLICATE_METHOD_MATCH = YES;
				COPY_PHASE_STRIP = NO;
				DEBUG_INFORMATION_FORMAT = dwarf;
				ENABLE_STRICT_OBJC_MSGSEND = YES;
				ENABLE_TESTABILITY = YES;
				ENABLE_USER_SCRIPT_SANDBOXING = YES;
				GCC_C_LANGUAGE_STANDARD = gnu17;
				GCC_DYNAMIC_NO_PIC = NO;
				GCC_NO_COMMON_BLOCKS = YES;
				GCC_OPTIMIZATION_LEVEL = 0;
				GCC_PREPROCESSOR_DEFINITIONS = (
					"DEBUG=1",
					"$(inherited)",
				);
				GCC_WARN_64_TO_32_BIT_CONVERSION = YES;
				GCC_WARN_ABOUT_RETURN_TYPE = YES_ERROR;
				GCC_WARN_UNDECLARED_SELECTOR = YES;
				GCC_WARN_UNINITIALIZED_AUTOS = YES_AGGRESSIVE;
				GCC_WARN_UNUSED_FUNCTION = YES;
				GCC_WARN_UNUSED_VARIABLE = YES;
				IPHONEOS_DEPLOYMENT_TARGET = 17.2;
				LOCALIZATION_PREFERS_STRING_CATALOGS = YES;
				MTL_ENABLE_DEBUG_INFO = INCLUDE_SOURCE;
				MTL_FAST_MATH = YES;
				ONLY_ACTIVE_ARCH = YES;
				SDKROOT = iphoneos;
				SWIFT_ACTIVE_COMPILATION_CONDITIONS = "DEBUG $(inherited)";
				SWIFT_OPTIMIZATION_LEVEL = "-Onone";
			};
			name = Debug;
		};
		15D9A7792C3406D400EFA0B5 /* Release */ = {
			isa = XCBuildConfiguration;
			buildSettings = {
				ALWAYS_SEARCH_USER_PATHS = NO;
				ASSETCATALOG_COMPILER_GENERATE_SWIFT_ASSET_SYMBOL_EXTENSIONS = YES;
				CLANG_ANALYZER_NONNULL = YES;
				CLANG_ANALYZER_NUMBER_OBJECT_CONVERSION = YES_AGGRESSIVE;
				CLANG_CXX_LANGUAGE_STANDARD = "gnu++20";
				CLANG_ENABLE_MODULES = YES;
				CLANG_ENABLE_OBJC_ARC = YES;
				CLANG_ENABLE_OBJC_WEAK = YES;
				CLANG_WARN_BLOCK_CAPTURE_AUTORELEASING = YES;
				CLANG_WARN_BOOL_CONVERSION = YES;
				CLANG_WARN_COMMA = YES;
				CLANG_WARN_CONSTANT_CONVERSION = YES;
				CLANG_WARN_DEPRECATED_OBJC_IMPLEMENTATIONS = YES;
				CLANG_WARN_DIRECT_OBJC_ISA_USAGE = YES_ERROR;
				CLANG_WARN_DOCUMENTATION_COMMENTS = YES;
				CLANG_WARN_EMPTY_BODY = YES;
				CLANG_WARN_ENUM_CONVERSION = YES;
				CLANG_WARN_INFINITE_RECURSION = YES;
				CLANG_WARN_INT_CONVERSION = YES;
				CLANG_WARN_NON_LITERAL_NULL_CONVERSION = YES;
				CLANG_WARN_OBJC_IMPLICIT_RETAIN_SELF = YES;
				CLANG_WARN_OBJC_LITERAL_CONVERSION = YES;
				CLANG_WARN_OBJC_ROOT_CLASS = YES_ERROR;
				CLANG_WARN_QUOTED_INCLUDE_IN_FRAMEWORK_HEADER = YES;
				CLANG_WARN_RANGE_LOOP_ANALYSIS = YES;
				CLANG_WARN_STRICT_PROTOTYPES = YES;
				CLANG_WARN_SUSPICIOUS_MOVE = YES;
				CLANG_WARN_UNGUARDED_AVAILABILITY = YES_AGGRESSIVE;
				CLANG_WARN_UNREACHABLE_CODE = YES;
				CLANG_WARN__DUPLICATE_METHOD_MATCH = YES;
				COPY_PHASE_STRIP = NO;
				DEBUG_INFORMATION_FORMAT = "dwarf-with-dsym";
				ENABLE_NS_ASSERTIONS = NO;
				ENABLE_STRICT_OBJC_MSGSEND = YES;
				ENABLE_USER_SCRIPT_SANDBOXING = YES;
				GCC_C_LANGUAGE_STANDARD = gnu17;
				GCC_NO_COMMON_BLOCKS = YES;
				GCC_WARN_64_TO_32_BIT_CONVERSION = YES;
				GCC_WARN_ABOUT_RETURN_TYPE = YES_ERROR;
				GCC_WARN_UNDECLARED_SELECTOR = YES;
				GCC_WARN_UNINITIALIZED_AUTOS = YES_AGGRESSIVE;
				GCC_WARN_UNUSED_FUNCTION = YES;
				GCC_WARN_UNUSED_VARIABLE = YES;
				IPHONEOS_DEPLOYMENT_TARGET = 17.2;
				LOCALIZATION_PREFERS_STRING_CATALOGS = YES;
				MTL_ENABLE_DEBUG_INFO = NO;
				MTL_FAST_MATH = YES;
				SDKROOT = iphoneos;
				SWIFT_COMPILATION_MODE = wholemodule;
				VALIDATE_PRODUCT = YES;
			};
			name = Release;
		};
		15D9A77B2C3406D400EFA0B5 /* Debug */ = {
			isa = XCBuildConfiguration;
			buildSettings = {
				ASSETCATALOG_COMPILER_APPICON_NAME = AppIcon;
				ASSETCATALOG_COMPILER_GLOBAL_ACCENT_COLOR_NAME = AccentColor;
				CODE_SIGN_STYLE = Automatic;
				CURRENT_PROJECT_VERSION = 1;
				DEVELOPMENT_TEAM = 6YA7577C98;
				GENERATE_INFOPLIST_FILE = YES;
				INFOPLIST_FILE = inkaBet/Support/Info.plist;
				INFOPLIST_KEY_UIApplicationSupportsIndirectInputEvents = YES;
				INFOPLIST_KEY_UILaunchStoryboardName = LaunchScreen;
				INFOPLIST_KEY_UISupportedInterfaceOrientations_iPad = "UIInterfaceOrientationPortrait UIInterfaceOrientationPortraitUpsideDown UIInterfaceOrientationLandscapeLeft UIInterfaceOrientationLandscapeRight";
				INFOPLIST_KEY_UISupportedInterfaceOrientations_iPhone = "UIInterfaceOrientationPortrait UIInterfaceOrientationLandscapeLeft UIInterfaceOrientationLandscapeRight";
				IPHONEOS_DEPLOYMENT_TARGET = 13.0;
				LD_RUNPATH_SEARCH_PATHS = (
					"$(inherited)",
					"@executable_path/Frameworks",
				);
				MARKETING_VERSION = 1.0;
				PRODUCT_BUNDLE_IDENTIFIER = k.inkaBet;
				PRODUCT_NAME = "$(TARGET_NAME)";
				SUPPORTED_PLATFORMS = "iphoneos iphonesimulator";
				SUPPORTS_MACCATALYST = NO;
				SUPPORTS_XR_DESIGNED_FOR_IPHONE_IPAD = NO;
				SWIFT_EMIT_LOC_STRINGS = YES;
				SWIFT_VERSION = 5.0;
				TARGETED_DEVICE_FAMILY = "1,2";
			};
			name = Debug;
		};
		15D9A77C2C3406D400EFA0B5 /* Release */ = {
			isa = XCBuildConfiguration;
			buildSettings = {
				ASSETCATALOG_COMPILER_APPICON_NAME = AppIcon;
				ASSETCATALOG_COMPILER_GLOBAL_ACCENT_COLOR_NAME = AccentColor;
				CODE_SIGN_STYLE = Automatic;
				CURRENT_PROJECT_VERSION = 1;
				DEVELOPMENT_TEAM = 6YA7577C98;
				GENERATE_INFOPLIST_FILE = YES;
				INFOPLIST_FILE = inkaBet/Support/Info.plist;
				INFOPLIST_KEY_UIApplicationSupportsIndirectInputEvents = YES;
				INFOPLIST_KEY_UILaunchStoryboardName = LaunchScreen;
				INFOPLIST_KEY_UISupportedInterfaceOrientations_iPad = "UIInterfaceOrientationPortrait UIInterfaceOrientationPortraitUpsideDown UIInterfaceOrientationLandscapeLeft UIInterfaceOrientationLandscapeRight";
				INFOPLIST_KEY_UISupportedInterfaceOrientations_iPhone = "UIInterfaceOrientationPortrait UIInterfaceOrientationLandscapeLeft UIInterfaceOrientationLandscapeRight";
				IPHONEOS_DEPLOYMENT_TARGET = 13.0;
				LD_RUNPATH_SEARCH_PATHS = (
					"$(inherited)",
					"@executable_path/Frameworks",
				);
				MARKETING_VERSION = 1.0;
				PRODUCT_BUNDLE_IDENTIFIER = k.inkaBet;
				PRODUCT_NAME = "$(TARGET_NAME)";
				SUPPORTED_PLATFORMS = "iphoneos iphonesimulator";
				SUPPORTS_MACCATALYST = NO;
				SUPPORTS_XR_DESIGNED_FOR_IPHONE_IPAD = NO;
				SWIFT_EMIT_LOC_STRINGS = YES;
				SWIFT_VERSION = 5.0;
				TARGETED_DEVICE_FAMILY = "1,2";
			};
			name = Release;
		};
/* End XCBuildConfiguration section */

/* Begin XCConfigurationList section */
		15D9A7612C3406D300EFA0B5 /* Build configuration list for PBXProject "inkaBet" */ = {
			isa = XCConfigurationList;
			buildConfigurations = (
				15D9A7782C3406D400EFA0B5 /* Debug */,
				15D9A7792C3406D400EFA0B5 /* Release */,
			);
			defaultConfigurationIsVisible = 0;
			defaultConfigurationName = Release;
		};
		15D9A77A2C3406D400EFA0B5 /* Build configuration list for PBXNativeTarget "inkaBet" */ = {
			isa = XCConfigurationList;
			buildConfigurations = (
				15D9A77B2C3406D400EFA0B5 /* Debug */,
				15D9A77C2C3406D400EFA0B5 /* Release */,
			);
			defaultConfigurationIsVisible = 0;
			defaultConfigurationName = Release;
		};
/* End XCConfigurationList section */

/* Begin XCRemoteSwiftPackageReference section */
		15D9A7822C340DFB00EFA0B5 /* XCRemoteSwiftPackageReference "SnapKit" */ = {
			isa = XCRemoteSwiftPackageReference;
			repositoryURL = "https://github.com/SnapKit/SnapKit";
			requirement = {
				kind = upToNextMajorVersion;
				minimumVersion = 5.7.1;
			};
		};
/* End XCRemoteSwiftPackageReference section */

/* Begin XCSwiftPackageProductDependency section */
		15D9A7832C340DFB00EFA0B5 /* SnapKit */ = {
			isa = XCSwiftPackageProductDependency;
			package = 15D9A7822C340DFB00EFA0B5 /* XCRemoteSwiftPackageReference "SnapKit" */;
			productName = SnapKit;
		};
/* End XCSwiftPackageProductDependency section */
	};
	rootObject = 15D9A75E2C3406D300EFA0B5 /* Project object */;
}
